{
    "_readme": [
        "This file locks the dependencies of your project to a known state",
        "Read more about it at https://getcomposer.org/doc/01-basic-usage.md#composer-lock-the-lock-file",
        "This file is @generated automatically"
    ],
    "hash": "10df103b894d524366bb0ea2166573e5",
    "content-hash": "a0456bd15eb84dd4119515933489e7f0",
    "packages": [
        {
            "name": "chalasdev/capistrano-bundle",
            "version": "dev-master",
            "target-dir": "Chalasdev/CapistranoBundle",
            "source": {
                "type": "git",
                "url": "https://github.com/chalasr/capistrano-bundle.git",
                "reference": "3d7334904b6cf90aa46324f4d543c76cbe1a5df7"
            },
            "dist": {
                "type": "zip",
                "url": "https://api.github.com/repos/chalasr/capistrano-bundle/zipball/3d7334904b6cf90aa46324f4d543c76cbe1a5df7",
                "reference": "3d7334904b6cf90aa46324f4d543c76cbe1a5df7",
                "shasum": ""
            },
            "require": {
                "php": "> 5.4",
                "symfony/console": ">=2.7",
                "symfony/filesystem": ">=2.7"
            },
            "require-dev": {
                "phpspec/phpspec": "~2.0"
            },
            "type": "symfony-bundle",
            "autoload": {
                "psr-0": {
                    "Chalasdev\\CapistranoBundle": ""
                }
            },
            "notification-url": "https://packagist.org/downloads/",
            "license": [
                "GPL-3.0"
            ],
            "authors": [
                {
                    "name": "Robin CHALAS",
                    "email": "robin.chalas@gmail.com",
                    "homepage": "https://github.com/chalasr"
                }
            ],
            "description": "Symfony/console command that provide automation of your deployment workflow on top of Capistrano.",
            "keywords": [
                "Symfony2",
                "bundle",
                "capifony",
                "capistrano",
                "deploy",
                "production",
                "workflow"
            ],
            "time": "2015-11-11 20:03:50"
        },
        {
            "name": "symfony/console",
            "version": "v2.7.6",
            "source": {
                "type": "git",
                "url": "https://github.com/symfony/console.git",
                "reference": "5efd632294c8320ea52492db22292ff853a43766"
            },
            "dist": {
                "type": "zip",
                "url": "https://api.github.com/repos/symfony/console/zipball/5efd632294c8320ea52492db22292ff853a43766",
                "reference": "5efd632294c8320ea52492db22292ff853a43766",
                "shasum": ""
            },
            "require": {
                "php": ">=5.3.9"
            },
            "require-dev": {
                "psr/log": "~1.0",
                "symfony/event-dispatcher": "~2.1",
                "symfony/process": "~2.1"
            },
            "suggest": {
                "psr/log": "For using the console logger",
                "symfony/event-dispatcher": "",
                "symfony/process": ""
            },
            "type": "library",
            "extra": {
                "branch-alias": {
                    "dev-master": "2.7-dev"
                }
            },
            "autoload": {
                "psr-4": {
                    "Symfony\\Component\\Console\\": ""
                }
            },
            "notification-url": "https://packagist.org/downloads/",
            "license": [
                "MIT"
            ],
            "authors": [
                {
                    "name": "Fabien Potencier",
                    "email": "fabien@symfony.com"
                },
                {
                    "name": "Symfony Community",
                    "homepage": "https://symfony.com/contributors"
                }
            ],
            "description": "Symfony Console Component",
            "homepage": "https://symfony.com",
            "time": "2015-10-20 14:38:46"
        },
        {
            "name": "symfony/filesystem",
            "version": "v2.7.6",
            "source": {
                "type": "git",
                "url": "https://github.com/symfony/filesystem.git",
                "reference": "56fd6df73be859323ff97418d97edc1d756df6df"
            },
            "dist": {
                "type": "zip",
                "url": "https://api.github.com/repos/symfony/filesystem/zipball/56fd6df73be859323ff97418d97edc1d756df6df",
                "reference": "56fd6df73be859323ff97418d97edc1d756df6df",
                "shasum": ""
            },
            "require": {
                "php": ">=5.3.9"
            },
            "type": "library",
            "extra": {
                "branch-alias": {
                    "dev-master": "2.7-dev"
                }
            },
            "autoload": {
                "psr-4": {
                    "Symfony\\Component\\Filesystem\\": ""
                }
            },
            "notification-url": "https://packagist.org/downloads/",
            "license": [
                "MIT"
            ],
            "authors": [
                {
                    "name": "Fabien Potencier",
                    "email": "fabien@symfony.com"
                },
                {
                    "name": "Symfony Community",
                    "homepage": "https://symfony.com/contributors"
                }
            ],
            "description": "Symfony Filesystem Component",
            "homepage": "https://symfony.com",
            "time": "2015-10-18 20:23:18"
        }
    ],
    "packages-dev": [],
    "aliases": [],
    "minimum-stability": "stable",
    "stability-flags": {
        "chalasdev/capistrano-bundle": 20
    },
    "prefer-stable": false,
    "prefer-lowest": false,
    "platform": [],
    "platform-dev": []
}
